
Microsoft Visual Studio Solution File, Format Version 12.00
# Visual Studio Version 17
VisualStudioVersion = 17.7.34202.233
MinimumVisualStudioVersion = 10.0.40219.1
Project("{9A19103F-16F7-4668-BE54-9A1E7A4F7556}") = "Bootcamp-23-todo-list-api", "Bootcamp-23-todo-list-api.csproj", "{10EBDAA0-BF8B-40C1-9156-A5E93B7E7E9B}"
EndProject
Project("{FAE04EC0-301F-11D3-BF4B-00C04F79EFBC}") = "Bootcamp-23-todo-list-api.library", "..\Bootcamp-23-todo-list-api.library\Bootcamp-23-todo-list-api.library.csproj", "{6C3D2F30-7296-4265-9091-073C1B19A401}"
EndProject
Global
	GlobalSection(SolutionConfigurationPlatforms) = preSolution
		Debug|Any CPU = Debug|Any CPU
		Release|Any CPU = Release|Any CPU
	EndGlobalSection
	GlobalSection(ProjectConfigurationPlatforms) = postSolution
		{10EBDAA0-BF8B-40C1-9156-A5E93B7E7E9B}.Debug|Any CPU.ActiveCfg = Debug|Any CPU
		{10EBDAA0-BF8B-40C1-9156-A5E93B7E7E9B}.Debug|Any CPU.Build.0 = Debug|Any CPU
		{10EBDAA0-BF8B-40C1-9156-A5E93B7E7E9B}.Release|Any CPU.ActiveCfg = Release|Any CPU
		{10EBDAA0-BF8B-40C1-9156-A5E93B7E7E9B}.Release|Any CPU.Build.0 = Release|Any CPU
		{6C3D2F30-7296-4265-9091-073C1B19A401}.Debug|Any CPU.ActiveCfg = Debug|Any CPU
		{6C3D2F30-7296-4265-9091-073C1B19A401}.Debug|Any CPU.Build.0 = Debug|Any CPU
		{6C3D2F30-7296-4265-9091-073C1B19A401}.Release|Any CPU.ActiveCfg = Release|Any CPU
		{6C3D2F30-7296-4265-9091-073C1B19A401}.Release|Any CPU.Build.0 = Release|Any CPU
	EndGlobalSection
	GlobalSection(SolutionProperties) = preSolution
		HideSolutionNode = FALSE
	EndGlobalSection
	GlobalSection(ExtensibilityGlobals) = postSolution
		SolutionGuid = {1108C751-EC49-47AB-B6A3-835FC4452D97}
	EndGlobalSection
EndGlobal
